
Microsoft Visual Studio Solution File, Format Version 12.00
# Visual Studio Version 16
VisualStudioVersion = 16.0.808.4
MinimumVisualStudioVersion = 10.0.40219.1
Project("{FAE04EC0-301F-11D3-BF4B-00C04F79EFBC}") = "poker", "poker\poker.csproj", "{FD4D8B80-4B36-4684-B501-5D3AEDBEF667}"
EndProject
Global
	GlobalSection(SolutionConfigurationPlatforms) = preSolution
		Debug|Any CPU = Debug|Any CPU
		Release|Any CPU = Release|Any CPU
	EndGlobalSection
	GlobalSection(ProjectConfigurationPlatforms) = postSolution
		{FD4D8B80-4B36-4684-B501-5D3AEDBEF667}.Debug|Any CPU.ActiveCfg = Debug|Any CPU
		{FD4D8B80-4B36-4684-B501-5D3AEDBEF667}.Debug|Any CPU.Build.0 = Debug|Any CPU
		{FD4D8B80-4B36-4684-B501-5D3AEDBEF667}.Release|Any CPU.ActiveCfg = Release|Any CPU
		{FD4D8B80-4B36-4684-B501-5D3AEDBEF667}.Release|Any CPU.Build.0 = Release|Any CPU
	EndGlobalSection
	GlobalSection(SolutionProperties) = preSolution
		HideSolutionNode = FALSE
	EndGlobalSection
	GlobalSection(ExtensibilityGlobals) = postSolution
		SolutionGuid = {6C5FC546-F4CF-4374-96A8-AA90F65BA341}
	EndGlobalSection
EndGlobal
